
Microsoft Visual Studio Solution File, Format Version 12.00
# Visual Studio Express 15 for Windows Desktop
VisualStudioVersion = 15.0.28307.2092
MinimumVisualStudioVersion = 10.0.40219.1
Project("{2150E333-8FDC-42A3-9474-1A3956D46DE8}") = "Solution Items", "Solution Items", "{E2A5C1A2-2743-4EF9-AB86-8D0690F6FAFF}"
EndProject
Project("{FAE04EC0-301F-11D3-BF4B-00C04F79EFBC}") = "Program", "Program\Program.csproj", "{41C264DC-3B54-474A-B552-2674BDC0756F}"
EndProject
Global
	GlobalSection(SolutionConfigurationPlatforms) = preSolution
		Debug|Any CPU = Debug|Any CPU
		Release|Any CPU = Release|Any CPU
	EndGlobalSection
	GlobalSection(ProjectConfigurationPlatforms) = postSolution
		{41C264DC-3B54-474A-B552-2674BDC0756F}.Debug|Any CPU.ActiveCfg = Debug|Any CPU
		{41C264DC-3B54-474A-B552-2674BDC0756F}.Debug|Any CPU.Build.0 = Debug|Any CPU
		{41C264DC-3B54-474A-B552-2674BDC0756F}.Release|Any CPU.ActiveCfg = Release|Any CPU
		{41C264DC-3B54-474A-B552-2674BDC0756F}.Release|Any CPU.Build.0 = Release|Any CPU
	EndGlobalSection
	GlobalSection(SolutionProperties) = preSolution
		HideSolutionNode = FALSE
	EndGlobalSection
	GlobalSection(NestedProjects) = preSolution
		{41C264DC-3B54-474A-B552-2674BDC0756F} = {E2A5C1A2-2743-4EF9-AB86-8D0690F6FAFF}
	EndGlobalSection
	GlobalSection(ExtensibilityGlobals) = postSolution
		SolutionGuid = {36119D92-C611-46DA-97C8-F62672532DBF}
	EndGlobalSection
EndGlobal
