
Microsoft Visual Studio Solution File, Format Version 12.00
# Visual Studio Express 15 for Windows Desktop
VisualStudioVersion = 15.0.28307.2092
MinimumVisualStudioVersion = 10.0.40219.1
Project("{FAE04EC0-301F-11D3-BF4B-00C04F79EFBC}") = "DesafiosCodigoDio", "DesafiosCodigoDio\DesafiosCodigoDio.csproj", "{7058EB75-C6D6-4406-9A8E-36EA37AEEB0B}"
EndProject
Global
	GlobalSection(SolutionConfigurationPlatforms) = preSolution
		Debug|Any CPU = Debug|Any CPU
		Release|Any CPU = Release|Any CPU
	EndGlobalSection
	GlobalSection(ProjectConfigurationPlatforms) = postSolution
		{7058EB75-C6D6-4406-9A8E-36EA37AEEB0B}.Debug|Any CPU.ActiveCfg = Debug|Any CPU
		{7058EB75-C6D6-4406-9A8E-36EA37AEEB0B}.Debug|Any CPU.Build.0 = Debug|Any CPU
		{7058EB75-C6D6-4406-9A8E-36EA37AEEB0B}.Release|Any CPU.ActiveCfg = Release|Any CPU
		{7058EB75-C6D6-4406-9A8E-36EA37AEEB0B}.Release|Any CPU.Build.0 = Release|Any CPU
	EndGlobalSection
	GlobalSection(SolutionProperties) = preSolution
		HideSolutionNode = FALSE
	EndGlobalSection
	GlobalSection(ExtensibilityGlobals) = postSolution
		SolutionGuid = {B3F2BF29-BC8F-4A6D-8389-A8F01EF34B07}
	EndGlobalSection
EndGlobal
