
Microsoft Visual Studio Solution File, Format Version 12.00
# Visual Studio Express 15 for Windows Desktop
VisualStudioVersion = 15.0.28307.2017
MinimumVisualStudioVersion = 10.0.40219.1
Project("{FAE04EC0-301F-11D3-BF4B-00C04F79EFBC}") = "NUnitTest", "NUnitTest\NUnitTest.csproj", "{4D32B8AF-6BD5-40F4-8340-E496072FB331}"
EndProject
Project("{FAE04EC0-301F-11D3-BF4B-00C04F79EFBC}") = "NUnitTest.Test", "NUnitTest.Test\NUnitTest.Test.csproj", "{1CE9CF4F-1DA7-469C-A1DB-C4D4F4E91816}"
EndProject
Global
	GlobalSection(SolutionConfigurationPlatforms) = preSolution
		Debug|Any CPU = Debug|Any CPU
		Release|Any CPU = Release|Any CPU
	EndGlobalSection
	GlobalSection(ProjectConfigurationPlatforms) = postSolution
		{4D32B8AF-6BD5-40F4-8340-E496072FB331}.Debug|Any CPU.ActiveCfg = Debug|Any CPU
		{4D32B8AF-6BD5-40F4-8340-E496072FB331}.Debug|Any CPU.Build.0 = Debug|Any CPU
		{4D32B8AF-6BD5-40F4-8340-E496072FB331}.Release|Any CPU.ActiveCfg = Release|Any CPU
		{4D32B8AF-6BD5-40F4-8340-E496072FB331}.Release|Any CPU.Build.0 = Release|Any CPU
		{1CE9CF4F-1DA7-469C-A1DB-C4D4F4E91816}.Debug|Any CPU.ActiveCfg = Debug|Any CPU
		{1CE9CF4F-1DA7-469C-A1DB-C4D4F4E91816}.Debug|Any CPU.Build.0 = Debug|Any CPU
		{1CE9CF4F-1DA7-469C-A1DB-C4D4F4E91816}.Release|Any CPU.ActiveCfg = Release|Any CPU
		{1CE9CF4F-1DA7-469C-A1DB-C4D4F4E91816}.Release|Any CPU.Build.0 = Release|Any CPU
	EndGlobalSection
	GlobalSection(SolutionProperties) = preSolution
		HideSolutionNode = FALSE
	EndGlobalSection
	GlobalSection(ExtensibilityGlobals) = postSolution
		SolutionGuid = {818AA957-A773-497A-86F8-0E0865F97E09}
	EndGlobalSection
EndGlobal
