
Microsoft Visual Studio Solution File, Format Version 12.00
# Visual Studio Version 17
VisualStudioVersion = 17.3.32825.248
MinimumVisualStudioVersion = 10.0.40219.1
Project("{FAE04EC0-301F-11D3-BF4B-00C04F79EFBC}") = "quickmvvm", "quickmvvm.csproj", "{61DF4042-4A07-4184-977C-C094669F2F2B}"
EndProject
Global
	GlobalSection(SolutionConfigurationPlatforms) = preSolution
		Debug|Any CPU = Debug|Any CPU
		Release|Any CPU = Release|Any CPU
	EndGlobalSection
	GlobalSection(ProjectConfigurationPlatforms) = postSolution
		{61DF4042-4A07-4184-977C-C094669F2F2B}.Debug|Any CPU.ActiveCfg = Debug|Any CPU
		{61DF4042-4A07-4184-977C-C094669F2F2B}.Debug|Any CPU.Build.0 = Debug|Any CPU
		{61DF4042-4A07-4184-977C-C094669F2F2B}.Release|Any CPU.ActiveCfg = Release|Any CPU
		{61DF4042-4A07-4184-977C-C094669F2F2B}.Release|Any CPU.Build.0 = Release|Any CPU
	EndGlobalSection
	GlobalSection(SolutionProperties) = preSolution
		HideSolutionNode = FALSE
	EndGlobalSection
	GlobalSection(ExtensibilityGlobals) = postSolution
		SolutionGuid = {D59A2F0E-2961-466E-8C33-06E0B3D28A5D}
	EndGlobalSection
EndGlobal
